// !$*UTF8*$!
{
	archiveVersion = 1;
	classes = {
	};
	objectVersion = 56;
	objects = {

/* Begin PBXBuildFile section */
		2C07E8332BF53B3C005B76BB /* FlakyTestsApp.swift in Sources */ = {isa = PBXBuildFile; fileRef = 2C07E8322BF53B3C005B76BB /* FlakyTestsApp.swift */; };
		2C07E8352BF53B3C005B76BB /* ContentView.swift in Sources */ = {isa = PBXBuildFile; fileRef = 2C07E8342BF53B3C005B76BB /* ContentView.swift */; };
		2C07E8372BF53B3E005B76BB /* Assets.xcassets in Resources */ = {isa = PBXBuildFile; fileRef = 2C07E8362BF53B3E005B76BB /* Assets.xcassets */; };
		2C07E83A2BF53B3E005B76BB /* Preview Assets.xcassets in Resources */ = {isa = PBXBuildFile; fileRef = 2C07E8392BF53B3E005B76BB /* Preview Assets.xcassets */; };
		2C07E8442BF53B3E005B76BB /* FlakyTestsTests.swift in Sources */ = {isa = PBXBuildFile; fileRef = 2C07E8432BF53B3E005B76BB /* FlakyTestsTests.swift */; };
		2C07E84E2BF53B3E005B76BB /* FlakyTestsUITests.swift in Sources */ = {isa = PBXBuildFile; fileRef = 2C07E84D2BF53B3E005B76BB /* FlakyTestsUITests.swift */; };
		2C07E8502BF53B3E005B76BB /* FlakyTestsUITestsLaunchTests.swift in Sources */ = {isa = PBXBuildFile; fileRef = 2C07E84F2BF53B3E005B76BB /* FlakyTestsUITestsLaunchTests.swift */; };
/* End PBXBuildFile section */

/* Begin PBXContainerItemProxy section */
		2C07E8402BF53B3E005B76BB /* PBXContainerItemProxy */ = {
			isa = PBXContainerItemProxy;
			containerPortal = 2C07E8272BF53B3C005B76BB /* Project object */;
			proxyType = 1;
			remoteGlobalIDString = 2C07E82E2BF53B3C005B76BB;
			remoteInfo = FlakyTests;
		};
		2C07E84A2BF53B3E005B76BB /* PBXContainerItemProxy */ = {
			isa = PBXContainerItemProxy;
			containerPortal = 2C07E8272BF53B3C005B76BB /* Project object */;
			proxyType = 1;
			remoteGlobalIDString = 2C07E82E2BF53B3C005B76BB;
			remoteInfo = FlakyTests;
		};
/* End PBXContainerItemProxy section */

/* Begin PBXFileReference section */
		2C07E82F2BF53B3C005B76BB /* FlakyTests.app */ = {isa = PBXFileReference; explicitFileType = wrapper.application; includeInIndex = 0; path = FlakyTests.app; sourceTree = BUILT_PRODUCTS_DIR; };
		2C07E8322BF53B3C005B76BB /* FlakyTestsApp.swift */ = {isa = PBXFileReference; lastKnownFileType = sourcecode.swift; path = FlakyTestsApp.swift; sourceTree = "<group>"; };
		2C07E8342BF53B3C005B76BB /* ContentView.swift */ = {isa = PBXFileReference; lastKnownFileType = sourcecode.swift; path = ContentView.swift; sourceTree = "<group>"; };
		2C07E8362BF53B3E005B76BB /* Assets.xcassets */ = {isa = PBXFileReference; lastKnownFileType = folder.assetcatalog; path = Assets.xcassets; sourceTree = "<group>"; };
		2C07E8392BF53B3E005B76BB /* Preview Assets.xcassets */ = {isa = PBXFileReference; lastKnownFileType = folder.assetcatalog; path = "Preview Assets.xcassets"; sourceTree = "<group>"; };
		2C07E83F2BF53B3E005B76BB /* FlakyTestsTests.xctest */ = {isa = PBXFileReference; explicitFileType = wrapper.cfbundle; includeInIndex = 0; path = FlakyTestsTests.xctest; sourceTree = BUILT_PRODUCTS_DIR; };
		2C07E8432BF53B3E005B76BB /* FlakyTestsTests.swift */ = {isa = PBXFileReference; lastKnownFileType = sourcecode.swift; path = FlakyTestsTests.swift; sourceTree = "<group>"; };
		2C07E8492BF53B3E005B76BB /* FlakyTestsUITests.xctest */ = {isa = PBXFileReference; explicitFileType = wrapper.cfbundle; includeInIndex = 0; path = FlakyTestsUITests.xctest; sourceTree = BUILT_PRODUCTS_DIR; };
		2C07E84D2BF53B3E005B76BB /* FlakyTestsUITests.swift */ = {isa = PBXFileReference; lastKnownFileType = sourcecode.swift; path = FlakyTestsUITests.swift; sourceTree = "<group>"; };
		2C07E84F2BF53B3E005B76BB /* FlakyTestsUITestsLaunchTests.swift */ = {isa = PBXFileReference; lastKnownFileType = sourcecode.swift; path = FlakyTestsUITestsLaunchTests.swift; sourceTree = "<group>"; };
/* End PBXFileReference section */

/* Begin PBXFrameworksBuildPhase section */
		2C07E82C2BF53B3C005B76BB /* Frameworks */ = {
			isa = PBXFrameworksBuildPhase;
			buildActionMask = 2147483647;
			files = (
			);
			runOnlyForDeploymentPostprocessing = 0;
		};
		2C07E83C2BF53B3E005B76BB /* Frameworks */ = {
			isa = PBXFrameworksBuildPhase;
			buildActionMask = 2147483647;
			files = (
			);
			runOnlyForDeploymentPostprocessing = 0;
		};
		2C07E8462BF53B3E005B76BB /* Frameworks */ = {
			isa = PBXFrameworksBuildPhase;
			buildActionMask = 2147483647;
			files = (
			);
			runOnlyForDeploymentPostprocessing = 0;
		};
/* End PBXFrameworksBuildPhase section */

/* Begin PBXGroup section */
		2C07E8262BF53B3C005B76BB = {
			isa = PBXGroup;
			children = (
				2C07E8312BF53B3C005B76BB /* FlakyTests */,
				2C07E8422BF53B3E005B76BB /* FlakyTestsTests */,
				2C07E84C2BF53B3E005B76BB /* FlakyTestsUITests */,
				2C07E8302BF53B3C005B76BB /* Products */,
			);
			sourceTree = "<group>";
		};
		2C07E8302BF53B3C005B76BB /* Products */ = {
			isa = PBXGroup;
			children = (
				2C07E82F2BF53B3C005B76BB /* FlakyTests.app */,
				2C07E83F2BF53B3E005B76BB /* FlakyTestsTests.xctest */,
				2C07E8492BF53B3E005B76BB /* FlakyTestsUITests.xctest */,
			);
			name = Products;
			sourceTree = "<group>";
		};
		2C07E8312BF53B3C005B76BB /* FlakyTests */ = {
			isa = PBXGroup;
			children = (
				2C07E8322BF53B3C005B76BB /* FlakyTestsApp.swift */,
				2C07E8342BF53B3C005B76BB /* ContentView.swift */,
				2C07E8362BF53B3E005B76BB /* Assets.xcassets */,
				2C07E8382BF53B3E005B76BB /* Preview Content */,
			);
			path = FlakyTests;
			sourceTree = "<group>";
		};
		2C07E8382BF53B3E005B76BB /* Preview Content */ = {
			isa = PBXGroup;
			children = (
				2C07E8392BF53B3E005B76BB /* Preview Assets.xcassets */,
			);
			path = "Preview Content";
			sourceTree = "<group>";
		};
		2C07E8422BF53B3E005B76BB /* FlakyTestsTests */ = {
			isa = PBXGroup;
			children = (
				2C07E8432BF53B3E005B76BB /* FlakyTestsTests.swift */,
			);
			path = FlakyTestsTests;
			sourceTree = "<group>";
		};
		2C07E84C2BF53B3E005B76BB /* FlakyTestsUITests */ = {
			isa = PBXGroup;
			children = (
				2C07E84D2BF53B3E005B76BB /* FlakyTestsUITests.swift */,
				2C07E84F2BF53B3E005B76BB /* FlakyTestsUITestsLaunchTests.swift */,
			);
			path = FlakyTestsUITests;
			sourceTree = "<group>";
		};
/* End PBXGroup section */

/* Begin PBXNativeTarget section */
		2C07E82E2BF53B3C005B76BB /* FlakyTests */ = {
			isa = PBXNativeTarget;
			buildConfigurationList = 2C07E8532BF53B3E005B76BB /* Build configuration list for PBXNativeTarget "FlakyTests" */;
			buildPhases = (
				2C07E82B2BF53B3C005B76BB /* Sources */,
				2C07E82C2BF53B3C005B76BB /* Frameworks */,
				2C07E82D2BF53B3C005B76BB /* Resources */,
			);
			buildRules = (
			);
			dependencies = (
			);
			name = FlakyTests;
			productName = FlakyTests;
			productReference = 2C07E82F2BF53B3C005B76BB /* FlakyTests.app */;
			productType = "com.apple.product-type.application";
		};
		2C07E83E2BF53B3E005B76BB /* FlakyTestsTests */ = {
			isa = PBXNativeTarget;
			buildConfigurationList = 2C07E8562BF53B3E005B76BB /* Build configuration list for PBXNativeTarget "FlakyTestsTests" */;
			buildPhases = (
				2C07E83B2BF53B3E005B76BB /* Sources */,
				2C07E83C2BF53B3E005B76BB /* Frameworks */,
				2C07E83D2BF53B3E005B76BB /* Resources */,
			);
			buildRules = (
			);
			dependencies = (
				2C07E8412BF53B3E005B76BB /* PBXTargetDependency */,
			);
			name = FlakyTestsTests;
			productName = FlakyTestsTests;
			productReference = 2C07E83F2BF53B3E005B76BB /* FlakyTestsTests.xctest */;
			productType = "com.apple.product-type.bundle.unit-test";
		};
		2C07E8482BF53B3E005B76BB /* FlakyTestsUITests */ = {
			isa = PBXNativeTarget;
			buildConfigurationList = 2C07E8592BF53B3E005B76BB /* Build configuration list for PBXNativeTarget "FlakyTestsUITests" */;
			buildPhases = (
				2C07E8452BF53B3E005B76BB /* Sources */,
				2C07E8462BF53B3E005B76BB /* Frameworks */,
				2C07E8472BF53B3E005B76BB /* Resources */,
			);
			buildRules = (
			);
			dependencies = (
				2C07E84B2BF53B3E005B76BB /* PBXTargetDependency */,
			);
			name = FlakyTestsUITests;
			productName = FlakyTestsUITests;
			productReference = 2C07E8492BF53B3E005B76BB /* FlakyTestsUITests.xctest */;
			productType = "com.apple.product-type.bundle.ui-testing";
		};
/* End PBXNativeTarget section */

/* Begin PBXProject section */
		2C07E8272BF53B3C005B76BB /* Project object */ = {
			isa = PBXProject;
			attributes = {
				BuildIndependentTargetsInParallel = 1;
				LastSwiftUpdateCheck = 1540;
				LastUpgradeCheck = 1540;
				TargetAttributes = {
					2C07E82E2BF53B3C005B76BB = {
						CreatedOnToolsVersion = 15.4;
					};
					2C07E83E2BF53B3E005B76BB = {
						CreatedOnToolsVersion = 15.4;
						TestTargetID = 2C07E82E2BF53B3C005B76BB;
					};
					2C07E8482BF53B3E005B76BB = {
						CreatedOnToolsVersion = 15.4;
						TestTargetID = 2C07E82E2BF53B3C005B76BB;
					};
				};
			};
			buildConfigurationList = 2C07E82A2BF53B3C005B76BB /* Build configuration list for PBXProject "FlakyTests" */;
			compatibilityVersion = "Xcode 14.0";
			developmentRegion = en;
			hasScannedForEncodings = 0;
			knownRegions = (
				en,
				Base,
			);
			mainGroup = 2C07E8262BF53B3C005B76BB;
			productRefGroup = 2C07E8302BF53B3C005B76BB /* Products */;
			projectDirPath = "";
			projectRoot = "";
			targets = (
				2C07E82E2BF53B3C005B76BB /* FlakyTests */,
				2C07E83E2BF53B3E005B76BB /* FlakyTestsTests */,
				2C07E8482BF53B3E005B76BB /* FlakyTestsUITests */,
			);
		};
/* End PBXProject section */

/* Begin PBXResourcesBuildPhase section */
		2C07E82D2BF53B3C005B76BB /* Resources */ = {
			isa = PBXResourcesBuildPhase;
			buildActionMask = 2147483647;
			files = (
				2C07E83A2BF53B3E005B76BB /* Preview Assets.xcassets in Resources */,
				2C07E8372BF53B3E005B76BB /* Assets.xcassets in Resources */,
			);
			runOnlyForDeploymentPostprocessing = 0;
		};
		2C07E83D2BF53B3E005B76BB /* Resources */ = {
			isa = PBXResourcesBuildPhase;
			buildActionMask = 2147483647;
			files = (
			);
			runOnlyForDeploymentPostprocessing = 0;
		};
		2C07E8472BF53B3E005B76BB /* Resources */ = {
			isa = PBXResourcesBuildPhase;
			buildActionMask = 2147483647;
			files = (
			);
			runOnlyForDeploymentPostprocessing = 0;
		};
/* End PBXResourcesBuildPhase section */

/* Begin PBXSourcesBuildPhase section */
		2C07E82B2BF53B3C005B76BB /* Sources */ = {
			isa = PBXSourcesBuildPhase;
			buildActionMask = 2147483647;
			files = (
				2C07E8352BF53B3C005B76BB /* ContentView.swift in Sources */,
				2C07E8332BF53B3C005B76BB /* FlakyTestsApp.swift in Sources */,
			);
			runOnlyForDeploymentPostprocessing = 0;
		};
		2C07E83B2BF53B3E005B76BB /* Sources */ = {
			isa = PBXSourcesBuildPhase;
			buildActionMask = 2147483647;
			files = (
				2C07E8442BF53B3E005B76BB /* FlakyTestsTests.swift in Sources */,
			);
			runOnlyForDeploymentPostprocessing = 0;
		};
		2C07E8452BF53B3E005B76BB /* Sources */ = {
			isa = PBXSourcesBuildPhase;
			buildActionMask = 2147483647;
			files = (
				2C07E8502BF53B3E005B76BB /* FlakyTestsUITestsLaunchTests.swift in Sources */,
				2C07E84E2BF53B3E005B76BB /* FlakyTestsUITests.swift in Sources */,
			);
			runOnlyForDeploymentPostprocessing = 0;
		};
/* End PBXSourcesBuildPhase section */

/* Begin PBXTargetDependency section */
		2C07E8412BF53B3E005B76BB /* PBXTargetDependency */ = {
			isa = PBXTargetDependency;
			target = 2C07E82E2BF53B3C005B76BB /* FlakyTests */;
			targetProxy = 2C07E8402BF53B3E005B76BB /* PBXContainerItemProxy */;
		};
		2C07E84B2BF53B3E005B76BB /* PBXTargetDependency */ = {
			isa = PBXTargetDependency;
			target = 2C07E82E2BF53B3C005B76BB /* FlakyTests */;
			targetProxy = 2C07E84A2BF53B3E005B76BB /* PBXContainerItemProxy */;
		};
/* End PBXTargetDependency section */

/* Begin XCBuildConfiguration section */
		2C07E8512BF53B3E005B76BB /* Debug */ = {
			isa = XCBuildConfiguration;
			buildSettings = {
				ALWAYS_SEARCH_USER_PATHS = NO;
				ASSETCATALOG_COMPILER_GENERATE_SWIFT_ASSET_SYMBOL_EXTENSIONS = YES;
				CLANG_ANALYZER_NONNULL = YES;
				CLANG_ANALYZER_NUMBER_OBJECT_CONVERSION = YES_AGGRESSIVE;
				CLANG_CXX_LANGUAGE_STANDARD = "gnu++20";
				CLANG_ENABLE_MODULES = YES;
				CLANG_ENABLE_OBJC_ARC = YES;
				CLANG_ENABLE_OBJC_WEAK = YES;
				CLANG_WARN_BLOCK_CAPTURE_AUTORELEASING = YES;
				CLANG_WARN_BOOL_CONVERSION = YES;
				CLANG_WARN_COMMA = YES;
				CLANG_WARN_CONSTANT_CONVERSION = YES;
				CLANG_WARN_DEPRECATED_OBJC_IMPLEMENTATIONS = YES;
				CLANG_WARN_DIRECT_OBJC_ISA_USAGE = YES_ERROR;
				CLANG_WARN_DOCUMENTATION_COMMENTS = YES;
				CLANG_WARN_EMPTY_BODY = YES;
				CLANG_WARN_ENUM_CONVERSION = YES;
				CLANG_WARN_INFINITE_RECURSION = YES;
				CLANG_WARN_INT_CONVERSION = YES;
				CLANG_WARN_NON_LITERAL_NULL_CONVERSION = YES;
				CLANG_WARN_OBJC_IMPLICIT_RETAIN_SELF = YES;
				CLANG_WARN_OBJC_LITERAL_CONVERSION = YES;
				CLANG_WARN_OBJC_ROOT_CLASS = YES_ERROR;
				CLANG_WARN_QUOTED_INCLUDE_IN_FRAMEWORK_HEADER = YES;
				CLANG_WARN_RANGE_LOOP_ANALYSIS = YES;
				CLANG_WARN_STRICT_PROTOTYPES = YES;
				CLANG_WARN_SUSPICIOUS_MOVE = YES;
				CLANG_WARN_UNGUARDED_AVAILABILITY = YES_AGGRESSIVE;
				CLANG_WARN_UNREACHABLE_CODE = YES;
				CLANG_WARN__DUPLICATE_METHOD_MATCH = YES;
				COPY_PHASE_STRIP = NO;
				DEBUG_INFORMATION_FORMAT = dwarf;
				ENABLE_STRICT_OBJC_MSGSEND = YES;
				ENABLE_TESTABILITY = YES;
				ENABLE_USER_SCRIPT_SANDBOXING = YES;
				GCC_C_LANGUAGE_STANDARD = gnu17;
				GCC_DYNAMIC_NO_PIC = NO;
				GCC_NO_COMMON_BLOCKS = YES;
				GCC_OPTIMIZATION_LEVEL = 0;
				GCC_PREPROCESSOR_DEFINITIONS = (
					"DEBUG=1",
					"$(inherited)",
				);
				GCC_WARN_64_TO_32_BIT_CONVERSION = YES;
				GCC_WARN_ABOUT_RETURN_TYPE = YES_ERROR;
				GCC_WARN_UNDECLARED_SELECTOR = YES;
				GCC_WARN_UNINITIALIZED_AUTOS = YES_AGGRESSIVE;
				GCC_WARN_UNUSED_FUNCTION = YES;
				GCC_WARN_UNUSED_VARIABLE = YES;
				IPHONEOS_DEPLOYMENT_TARGET = 17.5;
				LOCALIZATION_PREFERS_STRING_CATALOGS = YES;
				MTL_ENABLE_DEBUG_INFO = INCLUDE_SOURCE;
				MTL_FAST_MATH = YES;
				ONLY_ACTIVE_ARCH = YES;
				SDKROOT = iphoneos;
				SWIFT_ACTIVE_COMPILATION_CONDITIONS = "DEBUG $(inherited)";
				SWIFT_OPTIMIZATION_LEVEL = "-Onone";
			};
			name = Debug;
		};
		2C07E8522BF53B3E005B76BB /* Release */ = {
			isa = XCBuildConfiguration;
			buildSettings = {
				ALWAYS_SEARCH_USER_PATHS = NO;
				ASSETCATALOG_COMPILER_GENERATE_SWIFT_ASSET_SYMBOL_EXTENSIONS = YES;
				CLANG_ANALYZER_NONNULL = YES;
				CLANG_ANALYZER_NUMBER_OBJECT_CONVERSION = YES_AGGRESSIVE;
				CLANG_CXX_LANGUAGE_STANDARD = "gnu++20";
				CLANG_ENABLE_MODULES = YES;
				CLANG_ENABLE_OBJC_ARC = YES;
				CLANG_ENABLE_OBJC_WEAK = YES;
				CLANG_WARN_BLOCK_CAPTURE_AUTORELEASING = YES;
				CLANG_WARN_BOOL_CONVERSION = YES;
				CLANG_WARN_COMMA = YES;
				CLANG_WARN_CONSTANT_CONVERSION = YES;
				CLANG_WARN_DEPRECATED_OBJC_IMPLEMENTATIONS = YES;
				CLANG_WARN_DIRECT_OBJC_ISA_USAGE = YES_ERROR;
				CLANG_WARN_DOCUMENTATION_COMMENTS = YES;
				CLANG_WARN_EMPTY_BODY = YES;
				CLANG_WARN_ENUM_CONVERSION = YES;
				CLANG_WARN_INFINITE_RECURSION = YES;
				CLANG_WARN_INT_CONVERSION = YES;
				CLANG_WARN_NON_LITERAL_NULL_CONVERSION = YES;
				CLANG_WARN_OBJC_IMPLICIT_RETAIN_SELF = YES;
				CLANG_WARN_OBJC_LITERAL_CONVERSION = YES;
				CLANG_WARN_OBJC_ROOT_CLASS = YES_ERROR;
				CLANG_WARN_QUOTED_INCLUDE_IN_FRAMEWORK_HEADER = YES;
				CLANG_WARN_RANGE_LOOP_ANALYSIS = YES;
				CLANG_WARN_STRICT_PROTOTYPES = YES;
				CLANG_WARN_SUSPICIOUS_MOVE = YES;
				CLANG_WARN_UNGUARDED_AVAILABILITY = YES_AGGRESSIVE;
				CLANG_WARN_UNREACHABLE_CODE = YES;
				CLANG_WARN__DUPLICATE_METHOD_MATCH = YES;
				COPY_PHASE_STRIP = NO;
				DEBUG_INFORMATION_FORMAT = "dwarf-with-dsym";
				ENABLE_NS_ASSERTIONS = NO;
				ENABLE_STRICT_OBJC_MSGSEND = YES;
				ENABLE_USER_SCRIPT_SANDBOXING = YES;
				GCC_C_LANGUAGE_STANDARD = gnu17;
				GCC_NO_COMMON_BLOCKS = YES;
				GCC_WARN_64_TO_32_BIT_CONVERSION = YES;
				GCC_WARN_ABOUT_RETURN_TYPE = YES_ERROR;
				GCC_WARN_UNDECLARED_SELECTOR = YES;
				GCC_WARN_UNINITIALIZED_AUTOS = YES_AGGRESSIVE;
				GCC_WARN_UNUSED_FUNCTION = YES;
				GCC_WARN_UNUSED_VARIABLE = YES;
				IPHONEOS_DEPLOYMENT_TARGET = 17.5;
				LOCALIZATION_PREFERS_STRING_CATALOGS = YES;
				MTL_ENABLE_DEBUG_INFO = NO;
				MTL_FAST_MATH = YES;
				SDKROOT = iphoneos;
				SWIFT_COMPILATION_MODE = wholemodule;
				VALIDATE_PRODUCT = YES;
			};
			name = Release;
		};
		2C07E8542BF53B3E005B76BB /* Debug */ = {
			isa = XCBuildConfiguration;
			buildSettings = {
				ASSETCATALOG_COMPILER_APPICON_NAME = AppIcon;
				ASSETCATALOG_COMPILER_GLOBAL_ACCENT_COLOR_NAME = AccentColor;
				CODE_SIGN_STYLE = Automatic;
				CURRENT_PROJECT_VERSION = 1;
				DEVELOPMENT_ASSET_PATHS = "\"FlakyTests/Preview Content\"";
				DEVELOPMENT_TEAM = 8SXR2327BM;
				ENABLE_PREVIEWS = YES;
				GENERATE_INFOPLIST_FILE = YES;
				INFOPLIST_KEY_UIApplicationSceneManifest_Generation = YES;
				INFOPLIST_KEY_UIApplicationSupportsIndirectInputEvents = YES;
				INFOPLIST_KEY_UILaunchScreen_Generation = YES;
				INFOPLIST_KEY_UISupportedInterfaceOrientations_iPad = "UIInterfaceOrientationPortrait UIInterfaceOrientationPortraitUpsideDown UIInterfaceOrientationLandscapeLeft UIInterfaceOrientationLandscapeRight";
				INFOPLIST_KEY_UISupportedInterfaceOrientations_iPhone = "UIInterfaceOrientationPortrait UIInterfaceOrientationLandscapeLeft UIInterfaceOrientationLandscapeRight";
				LD_RUNPATH_SEARCH_PATHS = (
					"$(inherited)",
					"@executable_path/Frameworks",
				);
				MARKETING_VERSION = 1.0;
				PRODUCT_BUNDLE_IDENTIFIER = com.revenuecat.FlakyTests;
				PRODUCT_NAME = "$(TARGET_NAME)";
				SWIFT_EMIT_LOC_STRINGS = YES;
				SWIFT_VERSION = 5.0;
				TARGETED_DEVICE_FAMILY = "1,2";
			};
			name = Debug;
		};
		2C07E8552BF53B3E005B76BB /* Release */ = {
			isa = XCBuildConfiguration;
			buildSettings = {
				ASSETCATALOG_COMPILER_APPICON_NAME = AppIcon;
				ASSETCATALOG_COMPILER_GLOBAL_ACCENT_COLOR_NAME = AccentColor;
				CODE_SIGN_STYLE = Automatic;
				CURRENT_PROJECT_VERSION = 1;
				DEVELOPMENT_ASSET_PATHS = "\"FlakyTests/Preview Content\"";
				DEVELOPMENT_TEAM = 8SXR2327BM;
				ENABLE_PREVIEWS = YES;
				GENERATE_INFOPLIST_FILE = YES;
				INFOPLIST_KEY_UIApplicationSceneManifest_Generation = YES;
				INFOPLIST_KEY_UIApplicationSupportsIndirectInputEvents = YES;
				INFOPLIST_KEY_UILaunchScreen_Generation = YES;
				INFOPLIST_KEY_UISupportedInterfaceOrientations_iPad = "UIInterfaceOrientationPortrait UIInterfaceOrientationPortraitUpsideDown UIInterfaceOrientationLandscapeLeft UIInterfaceOrientationLandscapeRight";
				INFOPLIST_KEY_UISupportedInterfaceOrientations_iPhone = "UIInterfaceOrientationPortrait UIInterfaceOrientationLandscapeLeft UIInterfaceOrientationLandscapeRight";
				LD_RUNPATH_SEARCH_PATHS = (
					"$(inherited)",
					"@executable_path/Frameworks",
				);
				MARKETING_VERSION = 1.0;
				PRODUCT_BUNDLE_IDENTIFIER = com.revenuecat.FlakyTests;
				PRODUCT_NAME = "$(TARGET_NAME)";
				SWIFT_EMIT_LOC_STRINGS = YES;
				SWIFT_VERSION = 5.0;
				TARGETED_DEVICE_FAMILY = "1,2";
			};
			name = Release;
		};
		2C07E8572BF53B3E005B76BB /* Debug */ = {
			isa = XCBuildConfiguration;
			buildSettings = {
				ALWAYS_EMBED_SWIFT_STANDARD_LIBRARIES = YES;
				BUNDLE_LOADER = "$(TEST_HOST)";
				CODE_SIGN_STYLE = Automatic;
				CURRENT_PROJECT_VERSION = 1;
				DEVELOPMENT_TEAM = 8SXR2327BM;
				GENERATE_INFOPLIST_FILE = YES;
				IPHONEOS_DEPLOYMENT_TARGET = 17.5;
				MARKETING_VERSION = 1.0;
				PRODUCT_BUNDLE_IDENTIFIER = com.revenuecat.FlakyTestsTests;
				PRODUCT_NAME = "$(TARGET_NAME)";
				SWIFT_EMIT_LOC_STRINGS = NO;
				SWIFT_VERSION = 5.0;
				TARGETED_DEVICE_FAMILY = "1,2";
				TEST_HOST = "$(BUILT_PRODUCTS_DIR)/FlakyTests.app/$(BUNDLE_EXECUTABLE_FOLDER_PATH)/FlakyTests";
			};
			name = Debug;
		};
		2C07E8582BF53B3E005B76BB /* Release */ = {
			isa = XCBuildConfiguration;
			buildSettings = {
				ALWAYS_EMBED_SWIFT_STANDARD_LIBRARIES = YES;
				BUNDLE_LOADER = "$(TEST_HOST)";
				CODE_SIGN_STYLE = Automatic;
				CURRENT_PROJECT_VERSION = 1;
				DEVELOPMENT_TEAM = 8SXR2327BM;
				GENERATE_INFOPLIST_FILE = YES;
				IPHONEOS_DEPLOYMENT_TARGET = 17.5;
				MARKETING_VERSION = 1.0;
				PRODUCT_BUNDLE_IDENTIFIER = com.revenuecat.FlakyTestsTests;
				PRODUCT_NAME = "$(TARGET_NAME)";
				SWIFT_EMIT_LOC_STRINGS = NO;
				SWIFT_VERSION = 5.0;
				TARGETED_DEVICE_FAMILY = "1,2";
				TEST_HOST = "$(BUILT_PRODUCTS_DIR)/FlakyTests.app/$(BUNDLE_EXECUTABLE_FOLDER_PATH)/FlakyTests";
			};
			name = Release;
		};
		2C07E85A2BF53B3E005B76BB /* Debug */ = {
			isa = XCBuildConfiguration;
			buildSettings = {
				ALWAYS_EMBED_SWIFT_STANDARD_LIBRARIES = YES;
				CODE_SIGN_STYLE = Automatic;
				CURRENT_PROJECT_VERSION = 1;
				DEVELOPMENT_TEAM = 8SXR2327BM;
				GENERATE_INFOPLIST_FILE = YES;
				MARKETING_VERSION = 1.0;
				PRODUCT_BUNDLE_IDENTIFIER = com.revenuecat.FlakyTestsUITests;
				PRODUCT_NAME = "$(TARGET_NAME)";
				SWIFT_EMIT_LOC_STRINGS = NO;
				SWIFT_VERSION = 5.0;
				TARGETED_DEVICE_FAMILY = "1,2";
				TEST_TARGET_NAME = FlakyTests;
			};
			name = Debug;
		};
		2C07E85B2BF53B3E005B76BB /* Release */ = {
			isa = XCBuildConfiguration;
			buildSettings = {
				ALWAYS_EMBED_SWIFT_STANDARD_LIBRARIES = YES;
				CODE_SIGN_STYLE = Automatic;
				CURRENT_PROJECT_VERSION = 1;
				DEVELOPMENT_TEAM = 8SXR2327BM;
				GENERATE_INFOPLIST_FILE = YES;
				MARKETING_VERSION = 1.0;
				PRODUCT_BUNDLE_IDENTIFIER = com.revenuecat.FlakyTestsUITests;
				PRODUCT_NAME = "$(TARGET_NAME)";
				SWIFT_EMIT_LOC_STRINGS = NO;
				SWIFT_VERSION = 5.0;
				TARGETED_DEVICE_FAMILY = "1,2";
				TEST_TARGET_NAME = FlakyTests;
			};
			name = Release;
		};
/* End XCBuildConfiguration section */

/* Begin XCConfigurationList section */
		2C07E82A2BF53B3C005B76BB /* Build configuration list for PBXProject "FlakyTests" */ = {
			isa = XCConfigurationList;
			buildConfigurations = (
				2C07E8512BF53B3E005B76BB /* Debug */,
				2C07E8522BF53B3E005B76BB /* Release */,
			);
			defaultConfigurationIsVisible = 0;
			defaultConfigurationName = Release;
		};
		2C07E8532BF53B3E005B76BB /* Build configuration list for PBXNativeTarget "FlakyTests" */ = {
			isa = XCConfigurationList;
			buildConfigurations = (
				2C07E8542BF53B3E005B76BB /* Debug */,
				2C07E8552BF53B3E005B76BB /* Release */,
			);
			defaultConfigurationIsVisible = 0;
			defaultConfigurationName = Release;
		};
		2C07E8562BF53B3E005B76BB /* Build configuration list for PBXNativeTarget "FlakyTestsTests" */ = {
			isa = XCConfigurationList;
			buildConfigurations = (
				2C07E8572BF53B3E005B76BB /* Debug */,
				2C07E8582BF53B3E005B76BB /* Release */,
			);
			defaultConfigurationIsVisible = 0;
			defaultConfigurationName = Release;
		};
		2C07E8592BF53B3E005B76BB /* Build configuration list for PBXNativeTarget "FlakyTestsUITests" */ = {
			isa = XCConfigurationList;
			buildConfigurations = (
				2C07E85A2BF53B3E005B76BB /* Debug */,
				2C07E85B2BF53B3E005B76BB /* Release */,
			);
			defaultConfigurationIsVisible = 0;
			defaultConfigurationName = Release;
		};
/* End XCConfigurationList section */
	};
	rootObject = 2C07E8272BF53B3C005B76BB /* Project object */;
}
